
Microsoft Visual Studio Solution File, Format Version 12.00
# Visual Studio Version 16
VisualStudioVersion = 16.0.29709.97
MinimumVisualStudioVersion = 10.0.40219.1
Project("{FAE04EC0-301F-11D3-BF4B-00C04F79EFBC}") = "webapi", "webapi.csproj", "{A024DCFE-41AC-44AA-8482-C7539F8A3024}"
EndProject
Global
	GlobalSection(SolutionConfigurationPlatforms) = preSolution
		Debug|Any CPU = Debug|Any CPU
		Release|Any CPU = Release|Any CPU
	EndGlobalSection
	GlobalSection(ProjectConfigurationPlatforms) = postSolution
		{A024DCFE-41AC-44AA-8482-C7539F8A3024}.Debug|Any CPU.ActiveCfg = Debug|Any CPU
		{A024DCFE-41AC-44AA-8482-C7539F8A3024}.Debug|Any CPU.Build.0 = Debug|Any CPU
		{A024DCFE-41AC-44AA-8482-C7539F8A3024}.Release|Any CPU.ActiveCfg = Release|Any CPU
		{A024DCFE-41AC-44AA-8482-C7539F8A3024}.Release|Any CPU.Build.0 = Release|Any CPU
	EndGlobalSection
	GlobalSection(SolutionProperties) = preSolution
		HideSolutionNode = FALSE
	EndGlobalSection
	GlobalSection(ExtensibilityGlobals) = postSolution
		SolutionGuid = {4DFE839F-56AE-4C56-82B4-34E94E7D0F1B}
	EndGlobalSection
EndGlobal
